PODS:
  - IQKeyboardNotification (1.0.2)

DEPENDENCIES:
  - IQKeyboardNotification (from `../`)

EXTERNAL SOURCES:
  IQKeyboardNotification:
    :path: "../"

SPEC CHECKSUMS:
  IQKeyboardNotification: 846ce32be151e2f4c48b595aee15605c8f35cad6

PODFILE CHECKSUM: a757b4de4dd99db223f7b746b8b6564ed70d3d16

COCOAPODS: 1.15.2
